// !$*UTF8*$!
{
	archiveVersion = 1;
	classes = {
	};
	objectVersion = 46;
	objects = {

/* Begin PBXBuildFile section */
		0404EE031CA7C365009EF112 /* UIService.swift in Sources */ = {isa = PBXBuildFile; fileRef = 0404EE021CA7C365009EF112 /* UIService.swift */; };
		0404EE051CA7C65C009EF112 /* StatisticUnit.swift in Sources */ = {isa = PBXBuildFile; fileRef = 0404EE041CA7C65C009EF112 /* StatisticUnit.swift */; };
		0404EE071CA7C66C009EF112 /* DayStatistics.swift in Sources */ = {isa = PBXBuildFile; fileRef = 0404EE061CA7C66C009EF112 /* DayStatistics.swift */; };
		0404EE091CA7C67B009EF112 /* WeekStatistics.swift in Sources */ = {isa = PBXBuildFile; fileRef = 0404EE081CA7C67B009EF112 /* WeekStatistics.swift */; };
		0404EE0B1CA7C68A009EF112 /* MonthStatistics.swift in Sources */ = {isa = PBXBuildFile; fileRef = 0404EE0A1CA7C68A009EF112 /* MonthStatistics.swift */; };
		0404EE0E1CA7DA95009EF112 /* NSDateExtension.swift in Sources */ = {isa = PBXBuildFile; fileRef = 0404EE0D1CA7DA95009EF112 /* NSDateExtension.swift */; };
		0404EE101CA7E9F1009EF112 /* ContentService.swift in Sources */ = {isa = PBXBuildFile; fileRef = 0404EE0F1CA7E9F1009EF112 /* ContentService.swift */; };
		0429B0231CE9A9F100007710 /* AnalysisService.swift in Sources */ = {isa = PBXBuildFile; fileRef = 0429B0221CE9A9F100007710 /* AnalysisService.swift */; };
		044A60941CA45339001B807D /* ConfigService.swift in Sources */ = {isa = PBXBuildFile; fileRef = 044A60931CA45339001B807D /* ConfigService.swift */; };
		044A60971CA48CA6001B807D /* SegmentControl.swift in Sources */ = {isa = PBXBuildFile; fileRef = 044A60961CA48CA6001B807D /* SegmentControl.swift */; };
		04590E841C95DB210061E31B /* LoginViewController.swift in Sources */ = {isa = PBXBuildFile; fileRef = 04590E831C95DB210061E31B /* LoginViewController.swift */; };
		0471363F1DF389CB00A76F08 /* UIColor.swift in Sources */ = {isa = PBXBuildFile; fileRef = 0471363E1DF389CB00A76F08 /* UIColor.swift */; };
		04951B831C955B67008188CA /* AppDelegate.swift in Sources */ = {isa = PBXBuildFile; fileRef = 04951B821C955B67008188CA /* AppDelegate.swift */; };
		04951B851C955B67008188CA /* MainViewController.swift in Sources */ = {isa = PBXBuildFile; fileRef = 04951B841C955B67008188CA /* MainViewController.swift */; };
		04951B881C955B67008188CA /* Main.storyboard in Resources */ = {isa = PBXBuildFile; fileRef = 04951B861C955B67008188CA /* Main.storyboard */; };
		04951B8A1C955B67008188CA /* Assets.xcassets in Resources */ = {isa = PBXBuildFile; fileRef = 04951B891C955B67008188CA /* Assets.xcassets */; };
		04951B8D1C955B67008188CA /* LaunchScreen.storyboard in Resources */ = {isa = PBXBuildFile; fileRef = 04951B8B1C955B67008188CA /* LaunchScreen.storyboard */; };
		049CBFBA1C9565F200E5FE77 /* LaunchScreenViewController.swift in Sources */ = {isa = PBXBuildFile; fileRef = 049CBFB91C9565F200E5FE77 /* LaunchScreenViewController.swift */; };
		04D903C31CA8F5BE00E33C5C /* Reachability.swift in Sources */ = {isa = PBXBuildFile; fileRef = 04D903C21CA8F5BE00E33C5C /* Reachability.swift */; };
		04E5F6D91CA1C00500D979D2 /* AuthorizationService.swift in Sources */ = {isa = PBXBuildFile; fileRef = 04E5F6D81CA1C00500D979D2 /* AuthorizationService.swift */; };
		04E5F6DB1CA1C90D00D979D2 /* StatsService.swift in Sources */ = {isa = PBXBuildFile; fileRef = 04E5F6DA1CA1C90D00D979D2 /* StatsService.swift */; };
		04E6A3491D895E9B009997E2 /* AnalysisServiceNew.swift in Sources */ = {isa = PBXBuildFile; fileRef = 04E6A3481D895E9B009997E2 /* AnalysisServiceNew.swift */; };
		C7D5CAED987C62F9C9C55BF8 /* Pods_GitStats.framework in Frameworks */ = {isa = PBXBuildFile; fileRef = 4A3A7A54A33AE6D7149E2BA4 /* Pods_GitStats.framework */; };
/* End PBXBuildFile section */

/* Begin PBXFileReference section */
		0404EE021CA7C365009EF112 /* UIService.swift */ = {isa = PBXFileReference; fileEncoding = 4; lastKnownFileType = sourcecode.swift; path = UIService.swift; sourceTree = "<group>"; };
		0404EE041CA7C65C009EF112 /* StatisticUnit.swift */ = {isa = PBXFileReference; fileEncoding = 4; lastKnownFileType = sourcecode.swift; path = StatisticUnit.swift; sourceTree = "<group>"; };
		0404EE061CA7C66C009EF112 /* DayStatistics.swift */ = {isa = PBXFileReference; fileEncoding = 4; lastKnownFileType = sourcecode.swift; path = DayStatistics.swift; sourceTree = "<group>"; };
		0404EE081CA7C67B009EF112 /* WeekStatistics.swift */ = {isa = PBXFileReference; fileEncoding = 4; lastKnownFileType = sourcecode.swift; path = WeekStatistics.swift; sourceTree = "<group>"; };
		0404EE0A1CA7C68A009EF112 /* MonthStatistics.swift */ = {isa = PBXFileReference; fileEncoding = 4; lastKnownFileType = sourcecode.swift; path = MonthStatistics.swift; sourceTree = "<group>"; };
		0404EE0D1CA7DA95009EF112 /* NSDateExtension.swift */ = {isa = PBXFileReference; fileEncoding = 4; lastKnownFileType = sourcecode.swift; path = NSDateExtension.swift; sourceTree = "<group>"; };
		0404EE0F1CA7E9F1009EF112 /* ContentService.swift */ = {isa = PBXFileReference; fileEncoding = 4; lastKnownFileType = sourcecode.swift; path = ContentService.swift; sourceTree = "<group>"; };
		0429B0221CE9A9F100007710 /* AnalysisService.swift */ = {isa = PBXFileReference; fileEncoding = 4; lastKnownFileType = sourcecode.swift; path = AnalysisService.swift; sourceTree = "<group>"; };
		044A60931CA45339001B807D /* ConfigService.swift */ = {isa = PBXFileReference; fileEncoding = 4; lastKnownFileType = sourcecode.swift; path = ConfigService.swift; sourceTree = "<group>"; };
		044A60961CA48CA6001B807D /* SegmentControl.swift */ = {isa = PBXFileReference; fileEncoding = 4; lastKnownFileType = sourcecode.swift; path = SegmentControl.swift; sourceTree = "<group>"; };
		04590E831C95DB210061E31B /* LoginViewController.swift */ = {isa = PBXFileReference; fileEncoding = 4; lastKnownFileType = sourcecode.swift; path = LoginViewController.swift; sourceTree = "<group>"; };
		0471363E1DF389CB00A76F08 /* UIColor.swift */ = {isa = PBXFileReference; fileEncoding = 4; lastKnownFileType = sourcecode.swift; path = UIColor.swift; sourceTree = "<group>"; };
		04951B7F1C955B67008188CA /* GitStats.app */ = {isa = PBXFileReference; explicitFileType = wrapper.application; includeInIndex = 0; path = GitStats.app; sourceTree = BUILT_PRODUCTS_DIR; };
		04951B821C955B67008188CA /* AppDelegate.swift */ = {isa = PBXFileReference; lastKnownFileType = sourcecode.swift; path = AppDelegate.swift; sourceTree = "<group>"; };
		04951B841C955B67008188CA /* MainViewController.swift */ = {isa = PBXFileReference; lastKnownFileType = sourcecode.swift; path = MainViewController.swift; sourceTree = "<group>"; };
		04951B871C955B67008188CA /* Base */ = {isa = PBXFileReference; lastKnownFileType = file.storyboard; name = Base; path = Base.lproj/Main.storyboard; sourceTree = "<group>"; };
		04951B891C955B67008188CA /* Assets.xcassets */ = {isa = PBXFileReference; lastKnownFileType = folder.assetcatalog; path = Assets.xcassets; sourceTree = "<group>"; };
		04951B8C1C955B67008188CA /* Base */ = {isa = PBXFileReference; lastKnownFileType = file.storyboard; name = Base; path = Base.lproj/LaunchScreen.storyboard; sourceTree = "<group>"; };
		04951B8E1C955B67008188CA /* Info.plist */ = {isa = PBXFileReference; lastKnownFileType = text.plist.xml; path = Info.plist; sourceTree = "<group>"; };
		049CBFB91C9565F200E5FE77 /* LaunchScreenViewController.swift */ = {isa = PBXFileReference; fileEncoding = 4; lastKnownFileType = sourcecode.swift; path = LaunchScreenViewController.swift; sourceTree = "<group>"; };
		04D903C21CA8F5BE00E33C5C /* Reachability.swift */ = {isa = PBXFileReference; fileEncoding = 4; lastKnownFileType = sourcecode.swift; path = Reachability.swift; sourceTree = "<group>"; };
		04E5F6D81CA1C00500D979D2 /* AuthorizationService.swift */ = {isa = PBXFileReference; fileEncoding = 4; lastKnownFileType = sourcecode.swift; path = AuthorizationService.swift; sourceTree = "<group>"; };
		04E5F6DA1CA1C90D00D979D2 /* StatsService.swift */ = {isa = PBXFileReference; fileEncoding = 4; lastKnownFileType = sourcecode.swift; path = StatsService.swift; sourceTree = "<group>"; };
		04E6A3481D895E9B009997E2 /* AnalysisServiceNew.swift */ = {isa = PBXFileReference; fileEncoding = 4; lastKnownFileType = sourcecode.swift; path = AnalysisServiceNew.swift; sourceTree = "<group>"; };
		28A0C93778ECEB29435A3808 /* Pods-GitStats.debug.xcconfig */ = {isa = PBXFileReference; includeInIndex = 1; lastKnownFileType = text.xcconfig; name = "Pods-GitStats.debug.xcconfig"; path = "Pods/Target Support Files/Pods-GitStats/Pods-GitStats.debug.xcconfig"; sourceTree = "<group>"; };
		4A3A7A54A33AE6D7149E2BA4 /* Pods_GitStats.framework */ = {isa = PBXFileReference; explicitFileType = wrapper.framework; includeInIndex = 0; path = Pods_GitStats.framework; sourceTree = BUILT_PRODUCTS_DIR; };
		74C057848BE2B2BCCD2FDE69 /* Pods-GitStats.release.xcconfig */ = {isa = PBXFileReference; includeInIndex = 1; lastKnownFileType = text.xcconfig; name = "Pods-GitStats.release.xcconfig"; path = "Pods/Target Support Files/Pods-GitStats/Pods-GitStats.release.xcconfig"; sourceTree = "<group>"; };
/* End PBXFileReference section */

/* Begin PBXFrameworksBuildPhase section */
		04951B7C1C955B67008188CA /* Frameworks */ = {
			isa = PBXFrameworksBuildPhase;
			buildActionMask = 2147483647;
			files = (
				C7D5CAED987C62F9C9C55BF8 /* Pods_GitStats.framework in Frameworks */,
			);
			runOnlyForDeploymentPostprocessing = 0;
		};
/* End PBXFrameworksBuildPhase section */

/* Begin PBXGroup section */
		0404EE0C1CA7DA7F009EF112 /* Extensions */ = {
			isa = PBXGroup;
			children = (
				0404EE0D1CA7DA95009EF112 /* NSDateExtension.swift */,
				04D903C21CA8F5BE00E33C5C /* Reachability.swift */,
				0471363E1DF389CB00A76F08 /* UIColor.swift */,
			);
			name = Extensions;
			sourceTree = "<group>";
		};
		044A60951CA48C8C001B807D /* Component */ = {
			isa = PBXGroup;
			children = (
				044A60961CA48CA6001B807D /* SegmentControl.swift */,
			);
			name = Component;
			sourceTree = "<group>";
		};
		04951B761C955B67008188CA = {
			isa = PBXGroup;
			children = (
				04951B811C955B67008188CA /* GitStats */,
				04951B801C955B67008188CA /* Products */,
				E6E964E8B9CACBFE84F8D9C8 /* Pods */,
				AC2BB2E6983BCE5B34A62BB7 /* Frameworks */,
			);
			sourceTree = "<group>";
		};
		04951B801C955B67008188CA /* Products */ = {
			isa = PBXGroup;
			children = (
				04951B7F1C955B67008188CA /* GitStats.app */,
			);
			name = Products;
			sourceTree = "<group>";
		};
		04951B811C955B67008188CA /* GitStats */ = {
			isa = PBXGroup;
			children = (
				0404EE0C1CA7DA7F009EF112 /* Extensions */,
				044A60951CA48C8C001B807D /* Component */,
				04E6A3471D8955A6009997E2 /* ViewControllers */,
				04E5F6D71CA1BE4900D979D2 /* Model */,
				04E5F6D61CA1BE3500D979D2 /* Service */,
				04951B821C955B67008188CA /* AppDelegate.swift */,
				04951B861C955B67008188CA /* Main.storyboard */,
				04951B891C955B67008188CA /* Assets.xcassets */,
				04951B8B1C955B67008188CA /* LaunchScreen.storyboard */,
				04951B8E1C955B67008188CA /* Info.plist */,
			);
			path = GitStats;
			sourceTree = "<group>";
		};
		04E5F6D61CA1BE3500D979D2 /* Service */ = {
			isa = PBXGroup;
			children = (
				04E5F6D81CA1C00500D979D2 /* AuthorizationService.swift */,
				04E5F6DA1CA1C90D00D979D2 /* StatsService.swift */,
				0429B0221CE9A9F100007710 /* AnalysisService.swift */,
				04E6A3481D895E9B009997E2 /* AnalysisServiceNew.swift */,
				044A60931CA45339001B807D /* ConfigService.swift */,
				0404EE021CA7C365009EF112 /* UIService.swift */,
				0404EE0F1CA7E9F1009EF112 /* ContentService.swift */,
			);
			name = Service;
			sourceTree = "<group>";
		};
		04E5F6D71CA1BE4900D979D2 /* Model */ = {
			isa = PBXGroup;
			children = (
				0404EE041CA7C65C009EF112 /* StatisticUnit.swift */,
				0404EE061CA7C66C009EF112 /* DayStatistics.swift */,
				0404EE081CA7C67B009EF112 /* WeekStatistics.swift */,
				0404EE0A1CA7C68A009EF112 /* MonthStatistics.swift */,
			);
			name = Model;
			sourceTree = "<group>";
		};
		04E6A3471D8955A6009997E2 /* ViewControllers */ = {
			isa = PBXGroup;
			children = (
				04951B841C955B67008188CA /* MainViewController.swift */,
				049CBFB91C9565F200E5FE77 /* LaunchScreenViewController.swift */,
				04590E831C95DB210061E31B /* LoginViewController.swift */,
			);
			name = ViewControllers;
			sourceTree = "<group>";
		};
		AC2BB2E6983BCE5B34A62BB7 /* Frameworks */ = {
			isa = PBXGroup;
			children = (
				4A3A7A54A33AE6D7149E2BA4 /* Pods_GitStats.framework */,
			);
			name = Frameworks;
			sourceTree = "<group>";
		};
		E6E964E8B9CACBFE84F8D9C8 /* Pods */ = {
			isa = PBXGroup;
			children = (
				28A0C93778ECEB29435A3808 /* Pods-GitStats.debug.xcconfig */,
				74C057848BE2B2BCCD2FDE69 /* Pods-GitStats.release.xcconfig */,
			);
			name = Pods;
			sourceTree = "<group>";
		};
/* End PBXGroup section */

/* Begin PBXNativeTarget section */
		04951B7E1C955B67008188CA /* GitStats */ = {
			isa = PBXNativeTarget;
			buildConfigurationList = 04951B911C955B67008188CA /* Build configuration list for PBXNativeTarget "GitStats" */;
			buildPhases = (
				AF63BB5206371EC8646A059A /* [CP] Check Pods Manifest.lock */,
				04951B7B1C955B67008188CA /* Sources */,
				04951B7C1C955B67008188CA /* Frameworks */,
				04951B7D1C955B67008188CA /* Resources */,
				429AC6E260CE8347C161AAE2 /* [CP] Embed Pods Frameworks */,
				46BACB547F81E0864FA30E03 /* [CP] Copy Pods Resources */,
			);
			buildRules = (
			);
			dependencies = (
			);
			name = GitStats;
			productName = GitStats;
			productReference = 04951B7F1C955B67008188CA /* GitStats.app */;
			productType = "com.apple.product-type.application";
		};
/* End PBXNativeTarget section */

/* Begin PBXProject section */
		04951B771C955B67008188CA /* Project object */ = {
			isa = PBXProject;
			attributes = {
				LastSwiftUpdateCheck = 0720;
				LastUpgradeCheck = 0810;
				ORGANIZATIONNAME = "Elvis Studio";
				TargetAttributes = {
					04951B7E1C955B67008188CA = {
						CreatedOnToolsVersion = 7.2;
						DevelopmentTeam = 296GZGJY4F;
						LastSwiftMigration = 0810;
					};
				};
			};
			buildConfigurationList = 04951B7A1C955B67008188CA /* Build configuration list for PBXProject "GitStats" */;
			compatibilityVersion = "Xcode 3.2";
			developmentRegion = English;
			hasScannedForEncodings = 0;
			knownRegions = (
				en,
				Base,
			);
			mainGroup = 04951B761C955B67008188CA;
			productRefGroup = 04951B801C955B67008188CA /* Products */;
			projectDirPath = "";
			projectRoot = "";
			targets = (
				04951B7E1C955B67008188CA /* GitStats */,
			);
		};
/* End PBXProject section */

/* Begin PBXResourcesBuildPhase section */
		04951B7D1C955B67008188CA /* Resources */ = {
			isa = PBXResourcesBuildPhase;
			buildActionMask = 2147483647;
			files = (
				04951B8D1C955B67008188CA /* LaunchScreen.storyboard in Resources */,
				04951B8A1C955B67008188CA /* Assets.xcassets in Resources */,
				04951B881C955B67008188CA /* Main.storyboard in Resources */,
			);
			runOnlyForDeploymentPostprocessing = 0;
		};
/* End PBXResourcesBuildPhase section */

/* Begin PBXShellScriptBuildPhase section */
		429AC6E260CE8347C161AAE2 /* [CP] Embed Pods Frameworks */ = {
			isa = PBXShellScriptBuildPhase;
			buildActionMask = 2147483647;
			files = (
			);
			inputPaths = (
			);
			name = "[CP] Embed Pods Frameworks";
			outputPaths = (
			);
			runOnlyForDeploymentPostprocessing = 0;
			shellPath = /bin/sh;
			shellScript = "\"${SRCROOT}/Pods/Target Support Files/Pods-GitStats/Pods-GitStats-frameworks.sh\"\n";
			showEnvVarsInLog = 0;
		};
		46BACB547F81E0864FA30E03 /* [CP] Copy Pods Resources */ = {
			isa = PBXShellScriptBuildPhase;
			buildActionMask = 2147483647;
			files = (
			);
			inputPaths = (
			);
			name = "[CP] Copy Pods Resources";
			outputPaths = (
			);
			runOnlyForDeploymentPostprocessing = 0;
			shellPath = /bin/sh;
			shellScript = "\"${SRCROOT}/Pods/Target Support Files/Pods-GitStats/Pods-GitStats-resources.sh\"\n";
			showEnvVarsInLog = 0;
		};
		AF63BB5206371EC8646A059A /* [CP] Check Pods Manifest.lock */ = {
			isa = PBXShellScriptBuildPhase;
			buildActionMask = 2147483647;
			files = (
			);
			inputPaths = (
			);
			name = "[CP] Check Pods Manifest.lock";
			outputPaths = (
			);
			runOnlyForDeploymentPostprocessing = 0;
			shellPath = /bin/sh;
			shellScript = "diff \"${PODS_ROOT}/../Podfile.lock\" \"${PODS_ROOT}/Manifest.lock\" > /dev/null\nif [ $? != 0 ] ; then\n    # print error to STDERR\n    echo \"error: The sandbox is not in sync with the Podfile.lock. Run 'pod install' or update your CocoaPods installation.\" >&2\n    exit 1\nfi\n";
			showEnvVarsInLog = 0;
		};
/* End PBXShellScriptBuildPhase section */

/* Begin PBXSourcesBuildPhase section */
		04951B7B1C955B67008188CA /* Sources */ = {
			isa = PBXSourcesBuildPhase;
			buildActionMask = 2147483647;
			files = (
				04590E841C95DB210061E31B /* LoginViewController.swift in Sources */,
				04E5F6DB1CA1C90D00D979D2 /* StatsService.swift in Sources */,
				0404EE0E1CA7DA95009EF112 /* NSDateExtension.swift in Sources */,
				0404EE071CA7C66C009EF112 /* DayStatistics.swift in Sources */,
				04951B851C955B67008188CA /* MainViewController.swift in Sources */,
				0404EE0B1CA7C68A009EF112 /* MonthStatistics.swift in Sources */,
				044A60971CA48CA6001B807D /* SegmentControl.swift in Sources */,
				0429B0231CE9A9F100007710 /* AnalysisService.swift in Sources */,
				0471363F1DF389CB00A76F08 /* UIColor.swift in Sources */,
				0404EE031CA7C365009EF112 /* UIService.swift in Sources */,
				0404EE091CA7C67B009EF112 /* WeekStatistics.swift in Sources */,
				044A60941CA45339001B807D /* ConfigService.swift in Sources */,
				0404EE051CA7C65C009EF112 /* StatisticUnit.swift in Sources */,
				049CBFBA1C9565F200E5FE77 /* LaunchScreenViewController.swift in Sources */,
				04951B831C955B67008188CA /* AppDelegate.swift in Sources */,
				04E6A3491D895E9B009997E2 /* AnalysisServiceNew.swift in Sources */,
				04E5F6D91CA1C00500D979D2 /* AuthorizationService.swift in Sources */,
				04D903C31CA8F5BE00E33C5C /* Reachability.swift in Sources */,
				0404EE101CA7E9F1009EF112 /* ContentService.swift in Sources */,
			);
			runOnlyForDeploymentPostprocessing = 0;
		};
/* End PBXSourcesBuildPhase section */

/* Begin PBXVariantGroup section */
		04951B861C955B67008188CA /* Main.storyboard */ = {
			isa = PBXVariantGroup;
			children = (
				04951B871C955B67008188CA /* Base */,
			);
			name = Main.storyboard;
			sourceTree = "<group>";
		};
		04951B8B1C955B67008188CA /* LaunchScreen.storyboard */ = {
			isa = PBXVariantGroup;
			children = (
				04951B8C1C955B67008188CA /* Base */,
			);
			name = LaunchScreen.storyboard;
			sourceTree = "<group>";
		};
/* End PBXVariantGroup section */

/* Begin XCBuildConfiguration section */
		04951B8F1C955B67008188CA /* Debug */ = {
			isa = XCBuildConfiguration;
			buildSettings = {
				ALWAYS_SEARCH_USER_PATHS = NO;
				CLANG_CXX_LANGUAGE_STANDARD = "gnu++0x";
				CLANG_CXX_LIBRARY = "libc++";
				CLANG_ENABLE_MODULES = YES;
				CLANG_ENABLE_OBJC_ARC = YES;
				CLANG_WARN_BOOL_CONVERSION = YES;
				CLANG_WARN_CONSTANT_CONVERSION = YES;
				CLANG_WARN_DIRECT_OBJC_ISA_USAGE = YES_ERROR;
				CLANG_WARN_EMPTY_BODY = YES;
				CLANG_WARN_ENUM_CONVERSION = YES;
				CLANG_WARN_INFINITE_RECURSION = YES;
				CLANG_WARN_INT_CONVERSION = YES;
				CLANG_WARN_OBJC_ROOT_CLASS = YES_ERROR;
				CLANG_WARN_SUSPICIOUS_MOVE = YES;
				CLANG_WARN_UNREACHABLE_CODE = YES;
				CLANG_WARN__DUPLICATE_METHOD_MATCH = YES;
				"CODE_SIGN_IDENTITY[sdk=iphoneos*]" = "iPhone Developer";
				COPY_PHASE_STRIP = NO;
				DEBUG_INFORMATION_FORMAT = dwarf;
				ENABLE_STRICT_OBJC_MSGSEND = YES;
				ENABLE_TESTABILITY = YES;
				GCC_C_LANGUAGE_STANDARD = gnu99;
				GCC_DYNAMIC_NO_PIC = NO;
				GCC_NO_COMMON_BLOCKS = YES;
				GCC_OPTIMIZATION_LEVEL = 0;
				GCC_PREPROCESSOR_DEFINITIONS = (
					"DEBUG=1",
					"$(inherited)",
				);
				GCC_WARN_64_TO_32_BIT_CONVERSION = YES;
				GCC_WARN_ABOUT_RETURN_TYPE = YES_ERROR;
				GCC_WARN_UNDECLARED_SELECTOR = YES;
				GCC_WARN_UNINITIALIZED_AUTOS = YES_AGGRESSIVE;
				GCC_WARN_UNUSED_FUNCTION = YES;
				GCC_WARN_UNUSED_VARIABLE = YES;
				IPHONEOS_DEPLOYMENT_TARGET = 9.2;
				MTL_ENABLE_DEBUG_INFO = YES;
				ONLY_ACTIVE_ARCH = YES;
				SDKROOT = iphoneos;
				SWIFT_OPTIMIZATION_LEVEL = "-Onone";
				SWIFT_VERSION = 2.3;
				TARGETED_DEVICE_FAMILY = "1,2";
			};
			name = Debug;
		};
		04951B901C955B67008188CA /* Release */ = {
			isa = XCBuildConfiguration;
			buildSettings = {
				ALWAYS_SEARCH_USER_PATHS = NO;
				CLANG_CXX_LANGUAGE_STANDARD = "gnu++0x";
				CLANG_CXX_LIBRARY = "libc++";
				CLANG_ENABLE_MODULES = YES;
				CLANG_ENABLE_OBJC_ARC = YES;
				CLANG_WARN_BOOL_CONVERSION = YES;
				CLANG_WARN_CONSTANT_CONVERSION = YES;
				CLANG_WARN_DIRECT_OBJC_ISA_USAGE = YES_ERROR;
				CLANG_WARN_EMPTY_BODY = YES;
				CLANG_WARN_ENUM_CONVERSION = YES;
				CLANG_WARN_INFINITE_RECURSION = YES;
				CLANG_WARN_INT_CONVERSION = YES;
				CLANG_WARN_OBJC_ROOT_CLASS = YES_ERROR;
				CLANG_WARN_SUSPICIOUS_MOVE = YES;
				CLANG_WARN_UNREACHABLE_CODE = YES;
				CLANG_WARN__DUPLICATE_METHOD_MATCH = YES;
				"CODE_SIGN_IDENTITY[sdk=iphoneos*]" = "iPhone Developer";
				COPY_PHASE_STRIP = NO;
				DEBUG_INFORMATION_FORMAT = "dwarf-with-dsym";
				ENABLE_NS_ASSERTIONS = NO;
				ENABLE_STRICT_OBJC_MSGSEND = YES;
				GCC_C_LANGUAGE_STANDARD = gnu99;
				GCC_NO_COMMON_BLOCKS = YES;
				GCC_WARN_64_TO_32_BIT_CONVERSION = YES;
				GCC_WARN_ABOUT_RETURN_TYPE = YES_ERROR;
				GCC_WARN_UNDECLARED_SELECTOR = YES;
				GCC_WARN_UNINITIALIZED_AUTOS = YES_AGGRESSIVE;
				GCC_WARN_UNUSED_FUNCTION = YES;
				GCC_WARN_UNUSED_VARIABLE = YES;
				IPHONEOS_DEPLOYMENT_TARGET = 9.2;
				MTL_ENABLE_DEBUG_INFO = NO;
				SDKROOT = iphoneos;
				SWIFT_OPTIMIZATION_LEVEL = "-Owholemodule";
				SWIFT_VERSION = 2.3;
				TARGETED_DEVICE_FAMILY = "1,2";
				VALIDATE_PRODUCT = YES;
			};
			name = Release;
		};
		04951B921C955B67008188CA /* Debug */ = {
			isa = XCBuildConfiguration;
			baseConfigurationReference = 28A0C93778ECEB29435A3808 /* Pods-GitStats.debug.xcconfig */;
			buildSettings = {
				ALWAYS_EMBED_SWIFT_STANDARD_LIBRARIES = YES;
				ASSETCATALOG_COMPILER_APPICON_NAME = "AppIcon-1";
				DEVELOPMENT_TEAM = 296GZGJY4F;
				INFOPLIST_FILE = GitStats/Info.plist;
				LD_RUNPATH_SEARCH_PATHS = "$(inherited) @executable_path/Frameworks";
				PRODUCT_BUNDLE_IDENTIFIER = elvis.studio.GitStats;
				PRODUCT_NAME = "$(TARGET_NAME)";
				SWIFT_VERSION = 2.3;
			};
			name = Debug;
		};
		04951B931C955B67008188CA /* Release */ = {
			isa = XCBuildConfiguration;
			baseConfigurationReference = 74C057848BE2B2BCCD2FDE69 /* Pods-GitStats.release.xcconfig */;
			buildSettings = {
				ALWAYS_EMBED_SWIFT_STANDARD_LIBRARIES = YES;
				ASSETCATALOG_COMPILER_APPICON_NAME = "AppIcon-1";
				DEVELOPMENT_TEAM = 296GZGJY4F;
				INFOPLIST_FILE = GitStats/Info.plist;
				LD_RUNPATH_SEARCH_PATHS = "$(inherited) @executable_path/Frameworks";
				PRODUCT_BUNDLE_IDENTIFIER = elvis.studio.GitStats;
				PRODUCT_NAME = "$(TARGET_NAME)";
				SWIFT_VERSION = 2.3;
			};
			name = Release;
		};
/* End XCBuildConfiguration section */

/* Begin XCConfigurationList section */
		04951B7A1C955B67008188CA /* Build configuration list for PBXProject "GitStats" */ = {
			isa = XCConfigurationList;
			buildConfigurations = (
				04951B8F1C955B67008188CA /* Debug */,
				04951B901C955B67008188CA /* Release */,
			);
			defaultConfigurationIsVisible = 0;
			defaultConfigurationName = Release;
		};
		04951B911C955B67008188CA /* Build configuration list for PBXNativeTarget "GitStats" */ = {
			isa = XCConfigurationList;
			buildConfigurations = (
				04951B921C955B67008188CA /* Debug */,
				04951B931C955B67008188CA /* Release */,
			);
			defaultConfigurationIsVisible = 0;
			defaultConfigurationName = Release;
		};
/* End XCConfigurationList section */
	};
	rootObject = 04951B771C955B67008188CA /* Project object */;
}
